
Microsoft Visual Studio Solution File, Format Version 12.00
# Visual Studio Version 17
VisualStudioVersion = 17.14.36811.4 d17.14
MinimumVisualStudioVersion = 10.0.40219.1
Project("{FAE04EC0-301F-11D3-BF4B-00C04F79EFBC}") = "FinancrTracker", "FinancrTracker.csproj", "{4BD959BF-B3EE-4CB9-9946-9C65D9EBFC8B}"
EndProject
Global
	GlobalSection(SolutionConfigurationPlatforms) = preSolution
		Debug|Any CPU = Debug|Any CPU
		Release|Any CPU = Release|Any CPU
	EndGlobalSection
	GlobalSection(ProjectConfigurationPlatforms) = postSolution
		{4BD959BF-B3EE-4CB9-9946-9C65D9EBFC8B}.Debug|Any CPU.ActiveCfg = Debug|Any CPU
		{4BD959BF-B3EE-4CB9-9946-9C65D9EBFC8B}.Debug|Any CPU.Build.0 = Debug|Any CPU
		{4BD959BF-B3EE-4CB9-9946-9C65D9EBFC8B}.Release|Any CPU.ActiveCfg = Release|Any CPU
		{4BD959BF-B3EE-4CB9-9946-9C65D9EBFC8B}.Release|Any CPU.Build.0 = Release|Any CPU
	EndGlobalSection
	GlobalSection(SolutionProperties) = preSolution
		HideSolutionNode = FALSE
	EndGlobalSection
	GlobalSection(ExtensibilityGlobals) = postSolution
		SolutionGuid = {80912092-0452-4A8C-9205-B4DF1E7CD431}
	EndGlobalSection
EndGlobal
